
Microsoft Visual Studio Solution File, Format Version 12.00
# Visual Studio Version 17
VisualStudioVersion = 17.2.32519.379
MinimumVisualStudioVersion = 10.0.40219.1
Project("{2150E333-8FDC-42A3-9474-1A3956D46DE8}") = "src", "src", "{BE3618F9-6659-470E-B74D-44FBFF01881C}"
EndProject
Project("{2150E333-8FDC-42A3-9474-1A3956D46DE8}") = "Building Blocks", "Building Blocks", "{F8D1A389-BD90-4E91-A790-94EC31042CE1}"
EndProject
Project("{2150E333-8FDC-42A3-9474-1A3956D46DE8}") = "Services", "Services", "{53F494C9-7BE7-41C6-B929-9E9B6FE193FF}"
EndProject
Project("{2150E333-8FDC-42A3-9474-1A3956D46DE8}") = "Web", "Web", "{6ABCE104-D26B-4B35-80C2-0D2F67BCBCB4}"
EndProject
Project("{2150E333-8FDC-42A3-9474-1A3956D46DE8}") = "Identidade", "Identidade", "{1D036AB5-E245-4199-BAA8-47EE7EE8CD4A}"
EndProject
Project("{9A19103F-16F7-4668-BE54-9A1E7A4F7556}") = "NSE.Identidade.API", "src\services\NSE.Identidade.API\NSE.Identidade.API.csproj", "{67781665-3AD1-4839-807E-A34484C871AF}"
EndProject
Project("{2150E333-8FDC-42A3-9474-1A3956D46DE8}") = "MVC", "MVC", "{B3B1C6F3-23E1-47A7-BAFB-61E4D7737A90}"
EndProject
Project("{9A19103F-16F7-4668-BE54-9A1E7A4F7556}") = "NSE.WebApp.MVC", "src\web\NSE.WebApp.MVC\NSE.WebApp.MVC.csproj", "{20507F00-C361-4CC9-9350-492D33768CDE}"
EndProject
Project("{2150E333-8FDC-42A3-9474-1A3956D46DE8}") = "Core", "Core", "{308FFAC7-7334-42C8-884E-0F38192A8BA7}"
EndProject
Project("{9A19103F-16F7-4668-BE54-9A1E7A4F7556}") = "NSE.Core", "src\building blocks\NSE.Core\NSE.Core.csproj", "{30367F54-730D-46D8-8085-685973F8190B}"
EndProject
Project("{2150E333-8FDC-42A3-9474-1A3956D46DE8}") = "Carrinho", "Carrinho", "{F8C8619E-6BAB-41A1-BD2F-92404556906A}"
EndProject
Project("{2150E333-8FDC-42A3-9474-1A3956D46DE8}") = "Catalogo", "Catalogo", "{A58B80C3-7286-4308-B73B-26259CBC6506}"
EndProject
Project("{2150E333-8FDC-42A3-9474-1A3956D46DE8}") = "Pagamento", "Pagamento", "{7D336D83-AF62-4CCC-99CE-8084FA948D4B}"
EndProject
Project("{2150E333-8FDC-42A3-9474-1A3956D46DE8}") = "Pedido", "Pedido", "{C2379B5A-6231-4EA8-B2C1-B3E8827B1DD4}"
EndProject
Project("{9A19103F-16F7-4668-BE54-9A1E7A4F7556}") = "NSE.Carrinho.API", "src\services\NSE.Carrinho.API\NSE.Carrinho.API.csproj", "{CD91BCD5-45F8-476C-A1AF-8AFDA4314D04}"
EndProject
Project("{9A19103F-16F7-4668-BE54-9A1E7A4F7556}") = "NSE.Catalogo.API", "src\services\NSE.Catalogo.API\NSE.Catalogo.API.csproj", "{5EA3EC4F-20E8-4B4F-8AC4-282C831FFDFD}"
EndProject
Project("{9A19103F-16F7-4668-BE54-9A1E7A4F7556}") = "NSE.Pagamento.API", "src\services\NSE.Pagamento.API\NSE.Pagamento.API.csproj", "{80E9456B-5207-43E4-A4EB-C1BB5811108B}"
EndProject
Project("{9A19103F-16F7-4668-BE54-9A1E7A4F7556}") = "NSE.Pedido.API", "src\services\NSE.Pedido.API\NSE.Pedido.API.csproj", "{A05B9FB3-502D-4E8B-B7B5-E3D6F264081B}"
EndProject
Project("{2150E333-8FDC-42A3-9474-1A3956D46DE8}") = "Services", "Services", "{0478FB9F-87EA-4B6D-A7F7-A6F914BCA23C}"
EndProject
Project("{9A19103F-16F7-4668-BE54-9A1E7A4F7556}") = "NSE.WebAPI.Core", "src\building blocks\NSE.WebAPI.Core\NSE.WebAPI.Core.csproj", "{97AC087F-042F-4B42-899F-531F9F87AC73}"
EndProject
Project("{2150E333-8FDC-42A3-9474-1A3956D46DE8}") = "Cliente", "Cliente", "{15ECD60B-49EA-4F0D-9BF5-D657A74D5EAC}"
EndProject
Project("{9A19103F-16F7-4668-BE54-9A1E7A4F7556}") = "NSE.Clientes.API", "src\services\NSE.Cliente.API\NSE.Clientes.API.csproj", "{DE3624D0-966D-460D-B807-1E34BF6F4195}"
EndProject
Project("{2150E333-8FDC-42A3-9474-1A3956D46DE8}") = "MessageBus", "MessageBus", "{CADF1AEC-DBB5-4568-B051-2073C65A110F}"
EndProject
Project("{9A19103F-16F7-4668-BE54-9A1E7A4F7556}") = "NSE.MessageBus", "src\building blocks\NSE.MessageBus\NSE.MessageBus.csproj", "{BE621E73-6AF9-4266-8824-7921998C07B6}"
EndProject
Project("{2150E333-8FDC-42A3-9474-1A3956D46DE8}") = "ApiGateways", "ApiGateways", "{2A189AF5-6FEA-4679-B9B1-6026AF4B560D}"
EndProject
Project("{2150E333-8FDC-42A3-9474-1A3956D46DE8}") = "Compras", "Compras", "{822C7624-D45D-4A00-AB34-21C7032CEBF7}"
EndProject
Project("{9A19103F-16F7-4668-BE54-9A1E7A4F7556}") = "NSE.Bff.Compras.API", "src\api gateways\NSE.Bff.Compras\NSE.Bff.Compras.API.csproj", "{7BC209C7-E495-472D-8271-A2D9626E8F15}"
EndProject
Global
	GlobalSection(SolutionConfigurationPlatforms) = preSolution
		Debug|Any CPU = Debug|Any CPU
		Release|Any CPU = Release|Any CPU
	EndGlobalSection
	GlobalSection(ProjectConfigurationPlatforms) = postSolution
		{67781665-3AD1-4839-807E-A34484C871AF}.Debug|Any CPU.ActiveCfg = Debug|Any CPU
		{67781665-3AD1-4839-807E-A34484C871AF}.Debug|Any CPU.Build.0 = Debug|Any CPU
		{67781665-3AD1-4839-807E-A34484C871AF}.Release|Any CPU.ActiveCfg = Release|Any CPU
		{67781665-3AD1-4839-807E-A34484C871AF}.Release|Any CPU.Build.0 = Release|Any CPU
		{20507F00-C361-4CC9-9350-492D33768CDE}.Debug|Any CPU.ActiveCfg = Debug|Any CPU
		{20507F00-C361-4CC9-9350-492D33768CDE}.Debug|Any CPU.Build.0 = Debug|Any CPU
		{20507F00-C361-4CC9-9350-492D33768CDE}.Release|Any CPU.ActiveCfg = Release|Any CPU
		{20507F00-C361-4CC9-9350-492D33768CDE}.Release|Any CPU.Build.0 = Release|Any CPU
		{30367F54-730D-46D8-8085-685973F8190B}.Debug|Any CPU.ActiveCfg = Debug|Any CPU
		{30367F54-730D-46D8-8085-685973F8190B}.Debug|Any CPU.Build.0 = Debug|Any CPU
		{30367F54-730D-46D8-8085-685973F8190B}.Release|Any CPU.ActiveCfg = Release|Any CPU
		{30367F54-730D-46D8-8085-685973F8190B}.Release|Any CPU.Build.0 = Release|Any CPU
		{CD91BCD5-45F8-476C-A1AF-8AFDA4314D04}.Debug|Any CPU.ActiveCfg = Debug|Any CPU
		{CD91BCD5-45F8-476C-A1AF-8AFDA4314D04}.Debug|Any CPU.Build.0 = Debug|Any CPU
		{CD91BCD5-45F8-476C-A1AF-8AFDA4314D04}.Release|Any CPU.ActiveCfg = Release|Any CPU
		{CD91BCD5-45F8-476C-A1AF-8AFDA4314D04}.Release|Any CPU.Build.0 = Release|Any CPU
		{5EA3EC4F-20E8-4B4F-8AC4-282C831FFDFD}.Debug|Any CPU.ActiveCfg = Debug|Any CPU
		{5EA3EC4F-20E8-4B4F-8AC4-282C831FFDFD}.Debug|Any CPU.Build.0 = Debug|Any CPU
		{5EA3EC4F-20E8-4B4F-8AC4-282C831FFDFD}.Release|Any CPU.ActiveCfg = Release|Any CPU
		{5EA3EC4F-20E8-4B4F-8AC4-282C831FFDFD}.Release|Any CPU.Build.0 = Release|Any CPU
		{80E9456B-5207-43E4-A4EB-C1BB5811108B}.Debug|Any CPU.ActiveCfg = Debug|Any CPU
		{80E9456B-5207-43E4-A4EB-C1BB5811108B}.Debug|Any CPU.Build.0 = Debug|Any CPU
		{80E9456B-5207-43E4-A4EB-C1BB5811108B}.Release|Any CPU.ActiveCfg = Release|Any CPU
		{80E9456B-5207-43E4-A4EB-C1BB5811108B}.Release|Any CPU.Build.0 = Release|Any CPU
		{A05B9FB3-502D-4E8B-B7B5-E3D6F264081B}.Debug|Any CPU.ActiveCfg = Debug|Any CPU
		{A05B9FB3-502D-4E8B-B7B5-E3D6F264081B}.Debug|Any CPU.Build.0 = Debug|Any CPU
		{A05B9FB3-502D-4E8B-B7B5-E3D6F264081B}.Release|Any CPU.ActiveCfg = Release|Any CPU
		{A05B9FB3-502D-4E8B-B7B5-E3D6F264081B}.Release|Any CPU.Build.0 = Release|Any CPU
		{97AC087F-042F-4B42-899F-531F9F87AC73}.Debug|Any CPU.ActiveCfg = Debug|Any CPU
		{97AC087F-042F-4B42-899F-531F9F87AC73}.Debug|Any CPU.Build.0 = Debug|Any CPU
		{97AC087F-042F-4B42-899F-531F9F87AC73}.Release|Any CPU.ActiveCfg = Release|Any CPU
		{97AC087F-042F-4B42-899F-531F9F87AC73}.Release|Any CPU.Build.0 = Release|Any CPU
		{DE3624D0-966D-460D-B807-1E34BF6F4195}.Debug|Any CPU.ActiveCfg = Debug|Any CPU
		{DE3624D0-966D-460D-B807-1E34BF6F4195}.Debug|Any CPU.Build.0 = Debug|Any CPU
		{DE3624D0-966D-460D-B807-1E34BF6F4195}.Release|Any CPU.ActiveCfg = Release|Any CPU
		{DE3624D0-966D-460D-B807-1E34BF6F4195}.Release|Any CPU.Build.0 = Release|Any CPU
		{BE621E73-6AF9-4266-8824-7921998C07B6}.Debug|Any CPU.ActiveCfg = Debug|Any CPU
		{BE621E73-6AF9-4266-8824-7921998C07B6}.Debug|Any CPU.Build.0 = Debug|Any CPU
		{BE621E73-6AF9-4266-8824-7921998C07B6}.Release|Any CPU.ActiveCfg = Release|Any CPU
		{BE621E73-6AF9-4266-8824-7921998C07B6}.Release|Any CPU.Build.0 = Release|Any CPU
		{7BC209C7-E495-472D-8271-A2D9626E8F15}.Debug|Any CPU.ActiveCfg = Debug|Any CPU
		{7BC209C7-E495-472D-8271-A2D9626E8F15}.Debug|Any CPU.Build.0 = Debug|Any CPU
		{7BC209C7-E495-472D-8271-A2D9626E8F15}.Release|Any CPU.ActiveCfg = Release|Any CPU
		{7BC209C7-E495-472D-8271-A2D9626E8F15}.Release|Any CPU.Build.0 = Release|Any CPU
	EndGlobalSection
	GlobalSection(SolutionProperties) = preSolution
		HideSolutionNode = FALSE
	EndGlobalSection
	GlobalSection(NestedProjects) = preSolution
		{F8D1A389-BD90-4E91-A790-94EC31042CE1} = {BE3618F9-6659-470E-B74D-44FBFF01881C}
		{53F494C9-7BE7-41C6-B929-9E9B6FE193FF} = {BE3618F9-6659-470E-B74D-44FBFF01881C}
		{6ABCE104-D26B-4B35-80C2-0D2F67BCBCB4} = {BE3618F9-6659-470E-B74D-44FBFF01881C}
		{1D036AB5-E245-4199-BAA8-47EE7EE8CD4A} = {53F494C9-7BE7-41C6-B929-9E9B6FE193FF}
		{67781665-3AD1-4839-807E-A34484C871AF} = {1D036AB5-E245-4199-BAA8-47EE7EE8CD4A}
		{B3B1C6F3-23E1-47A7-BAFB-61E4D7737A90} = {6ABCE104-D26B-4B35-80C2-0D2F67BCBCB4}
		{20507F00-C361-4CC9-9350-492D33768CDE} = {B3B1C6F3-23E1-47A7-BAFB-61E4D7737A90}
		{308FFAC7-7334-42C8-884E-0F38192A8BA7} = {F8D1A389-BD90-4E91-A790-94EC31042CE1}
		{30367F54-730D-46D8-8085-685973F8190B} = {308FFAC7-7334-42C8-884E-0F38192A8BA7}
		{F8C8619E-6BAB-41A1-BD2F-92404556906A} = {53F494C9-7BE7-41C6-B929-9E9B6FE193FF}
		{A58B80C3-7286-4308-B73B-26259CBC6506} = {53F494C9-7BE7-41C6-B929-9E9B6FE193FF}
		{7D336D83-AF62-4CCC-99CE-8084FA948D4B} = {53F494C9-7BE7-41C6-B929-9E9B6FE193FF}
		{C2379B5A-6231-4EA8-B2C1-B3E8827B1DD4} = {53F494C9-7BE7-41C6-B929-9E9B6FE193FF}
		{CD91BCD5-45F8-476C-A1AF-8AFDA4314D04} = {F8C8619E-6BAB-41A1-BD2F-92404556906A}
		{5EA3EC4F-20E8-4B4F-8AC4-282C831FFDFD} = {A58B80C3-7286-4308-B73B-26259CBC6506}
		{80E9456B-5207-43E4-A4EB-C1BB5811108B} = {7D336D83-AF62-4CCC-99CE-8084FA948D4B}
		{A05B9FB3-502D-4E8B-B7B5-E3D6F264081B} = {C2379B5A-6231-4EA8-B2C1-B3E8827B1DD4}
		{0478FB9F-87EA-4B6D-A7F7-A6F914BCA23C} = {F8D1A389-BD90-4E91-A790-94EC31042CE1}
		{97AC087F-042F-4B42-899F-531F9F87AC73} = {0478FB9F-87EA-4B6D-A7F7-A6F914BCA23C}
		{15ECD60B-49EA-4F0D-9BF5-D657A74D5EAC} = {53F494C9-7BE7-41C6-B929-9E9B6FE193FF}
		{DE3624D0-966D-460D-B807-1E34BF6F4195} = {15ECD60B-49EA-4F0D-9BF5-D657A74D5EAC}
		{CADF1AEC-DBB5-4568-B051-2073C65A110F} = {F8D1A389-BD90-4E91-A790-94EC31042CE1}
		{BE621E73-6AF9-4266-8824-7921998C07B6} = {CADF1AEC-DBB5-4568-B051-2073C65A110F}
		{2A189AF5-6FEA-4679-B9B1-6026AF4B560D} = {BE3618F9-6659-470E-B74D-44FBFF01881C}
		{822C7624-D45D-4A00-AB34-21C7032CEBF7} = {2A189AF5-6FEA-4679-B9B1-6026AF4B560D}
		{7BC209C7-E495-472D-8271-A2D9626E8F15} = {822C7624-D45D-4A00-AB34-21C7032CEBF7}
	EndGlobalSection
	GlobalSection(ExtensibilityGlobals) = postSolution
		SolutionGuid = {CC4A20E3-B26B-4D06-8A18-1883F231A29E}
	EndGlobalSection
EndGlobal
